// !$*UTF8*$!
{
	archiveVersion = 1;
	classes = {
	};
	objectVersion = 50;
	objects = {

/* Begin PBXBuildFile section */
		FAB0F43E26E6A19B00944986 /* CoreDataMVVMSiwftUIApp.swift in Sources */ = {isa = PBXBuildFile; fileRef = FAB0F43D26E6A19B00944986 /* CoreDataMVVMSiwftUIApp.swift */; };
		FAB0F44026E6A19B00944986 /* ContentView.swift in Sources */ = {isa = PBXBuildFile; fileRef = FAB0F43F26E6A19B00944986 /* ContentView.swift */; };
		FAB0F44226E6A19C00944986 /* Assets.xcassets in Resources */ = {isa = PBXBuildFile; fileRef = FAB0F44126E6A19C00944986 /* Assets.xcassets */; };
		FAB0F44526E6A19C00944986 /* Preview Assets.xcassets in Resources */ = {isa = PBXBuildFile; fileRef = FAB0F44426E6A19C00944986 /* Preview Assets.xcassets */; };
		FAB0F44726E6A19D00944986 /* Persistence.swift in Sources */ = {isa = PBXBuildFile; fileRef = FAB0F44626E6A19D00944986 /* Persistence.swift */; };
		FAB0F44A26E6A19D00944986 /* CoreDataMVVMSiwftUI.xcdatamodeld in Sources */ = {isa = PBXBuildFile; fileRef = FAB0F44826E6A19D00944986 /* CoreDataMVVMSiwftUI.xcdatamodeld */; };
		FAB0F45526E6A19D00944986 /* CoreDataMVVMSiwftUITests.swift in Sources */ = {isa = PBXBuildFile; fileRef = FAB0F45426E6A19D00944986 /* CoreDataMVVMSiwftUITests.swift */; };
		FAB0F46026E6A19D00944986 /* CoreDataMVVMSiwftUIUITests.swift in Sources */ = {isa = PBXBuildFile; fileRef = FAB0F45F26E6A19D00944986 /* CoreDataMVVMSiwftUIUITests.swift */; };
		FAB0F47426E6A39600944986 /* ItemListView.swift in Sources */ = {isa = PBXBuildFile; fileRef = FAB0F47326E6A39600944986 /* ItemListView.swift */; };
		FAB0F47726E6A7B300944986 /* AppContext.swift in Sources */ = {isa = PBXBuildFile; fileRef = FAB0F47626E6A7B300944986 /* AppContext.swift */; };
		FAB0F47926E6A7C600944986 /* AppContextKeys.swift in Sources */ = {isa = PBXBuildFile; fileRef = FAB0F47826E6A7C600944986 /* AppContextKeys.swift */; };
		FAB0F47B26E6A7D500944986 /* AppContextValues.swift in Sources */ = {isa = PBXBuildFile; fileRef = FAB0F47A26E6A7D500944986 /* AppContextValues.swift */; };
		FAB0F47E26E6AB7F00944986 /* DateFormatters.swift in Sources */ = {isa = PBXBuildFile; fileRef = FAB0F47D26E6AB7F00944986 /* DateFormatters.swift */; };
		FAB0F48226E6ACE600944986 /* ItemViewModel.swift in Sources */ = {isa = PBXBuildFile; fileRef = FAB0F48126E6ACE600944986 /* ItemViewModel.swift */; };
		FAB0F48426E6AEBC00944986 /* AppViewModels.swift in Sources */ = {isa = PBXBuildFile; fileRef = FAB0F48326E6AEBC00944986 /* AppViewModels.swift */; };
/* End PBXBuildFile section */

/* Begin PBXContainerItemProxy section */
		FAB0F45126E6A19D00944986 /* PBXContainerItemProxy */ = {
			isa = PBXContainerItemProxy;
			containerPortal = FAB0F43226E6A19B00944986 /* Project object */;
			proxyType = 1;
			remoteGlobalIDString = FAB0F43926E6A19B00944986;
			remoteInfo = CoreDataMVVMSiwftUI;
		};
		FAB0F45C26E6A19D00944986 /* PBXContainerItemProxy */ = {
			isa = PBXContainerItemProxy;
			containerPortal = FAB0F43226E6A19B00944986 /* Project object */;
			proxyType = 1;
			remoteGlobalIDString = FAB0F43926E6A19B00944986;
			remoteInfo = CoreDataMVVMSiwftUI;
		};
/* End PBXContainerItemProxy section */

/* Begin PBXFileReference section */
		FAB0F43A26E6A19B00944986 /* CoreDataMVVMSiwftUI.app */ = {isa = PBXFileReference; explicitFileType = wrapper.application; includeInIndex = 0; path = CoreDataMVVMSiwftUI.app; sourceTree = BUILT_PRODUCTS_DIR; };
		FAB0F43D26E6A19B00944986 /* CoreDataMVVMSiwftUIApp.swift */ = {isa = PBXFileReference; lastKnownFileType = sourcecode.swift; path = CoreDataMVVMSiwftUIApp.swift; sourceTree = "<group>"; };
		FAB0F43F26E6A19B00944986 /* ContentView.swift */ = {isa = PBXFileReference; lastKnownFileType = sourcecode.swift; path = ContentView.swift; sourceTree = "<group>"; };
		FAB0F44126E6A19C00944986 /* Assets.xcassets */ = {isa = PBXFileReference; lastKnownFileType = folder.assetcatalog; path = Assets.xcassets; sourceTree = "<group>"; };
		FAB0F44426E6A19C00944986 /* Preview Assets.xcassets */ = {isa = PBXFileReference; lastKnownFileType = folder.assetcatalog; path = "Preview Assets.xcassets"; sourceTree = "<group>"; };
		FAB0F44626E6A19D00944986 /* Persistence.swift */ = {isa = PBXFileReference; lastKnownFileType = sourcecode.swift; path = Persistence.swift; sourceTree = "<group>"; };
		FAB0F44926E6A19D00944986 /* CoreDataMVVMSiwftUI.xcdatamodel */ = {isa = PBXFileReference; lastKnownFileType = wrapper.xcdatamodel; path = CoreDataMVVMSiwftUI.xcdatamodel; sourceTree = "<group>"; };
		FAB0F44B26E6A19D00944986 /* Info.plist */ = {isa = PBXFileReference; lastKnownFileType = text.plist.xml; path = Info.plist; sourceTree = "<group>"; };
		FAB0F45026E6A19D00944986 /* CoreDataMVVMSiwftUITests.xctest */ = {isa = PBXFileReference; explicitFileType = wrapper.cfbundle; includeInIndex = 0; path = CoreDataMVVMSiwftUITests.xctest; sourceTree = BUILT_PRODUCTS_DIR; };
		FAB0F45426E6A19D00944986 /* CoreDataMVVMSiwftUITests.swift */ = {isa = PBXFileReference; lastKnownFileType = sourcecode.swift; path = CoreDataMVVMSiwftUITests.swift; sourceTree = "<group>"; };
		FAB0F45626E6A19D00944986 /* Info.plist */ = {isa = PBXFileReference; lastKnownFileType = text.plist.xml; path = Info.plist; sourceTree = "<group>"; };
		FAB0F45B26E6A19D00944986 /* CoreDataMVVMSiwftUIUITests.xctest */ = {isa = PBXFileReference; explicitFileType = wrapper.cfbundle; includeInIndex = 0; path = CoreDataMVVMSiwftUIUITests.xctest; sourceTree = BUILT_PRODUCTS_DIR; };
		FAB0F45F26E6A19D00944986 /* CoreDataMVVMSiwftUIUITests.swift */ = {isa = PBXFileReference; lastKnownFileType = sourcecode.swift; path = CoreDataMVVMSiwftUIUITests.swift; sourceTree = "<group>"; };
		FAB0F46126E6A19D00944986 /* Info.plist */ = {isa = PBXFileReference; lastKnownFileType = text.plist.xml; path = Info.plist; sourceTree = "<group>"; };
		FAB0F47326E6A39600944986 /* ItemListView.swift */ = {isa = PBXFileReference; lastKnownFileType = sourcecode.swift; path = ItemListView.swift; sourceTree = "<group>"; };
		FAB0F47626E6A7B300944986 /* AppContext.swift */ = {isa = PBXFileReference; lastKnownFileType = sourcecode.swift; path = AppContext.swift; sourceTree = "<group>"; };
		FAB0F47826E6A7C600944986 /* AppContextKeys.swift */ = {isa = PBXFileReference; lastKnownFileType = sourcecode.swift; path = AppContextKeys.swift; sourceTree = "<group>"; };
		FAB0F47A26E6A7D500944986 /* AppContextValues.swift */ = {isa = PBXFileReference; lastKnownFileType = sourcecode.swift; path = AppContextValues.swift; sourceTree = "<group>"; };
		FAB0F47D26E6AB7F00944986 /* DateFormatters.swift */ = {isa = PBXFileReference; lastKnownFileType = sourcecode.swift; path = DateFormatters.swift; sourceTree = "<group>"; };
		FAB0F48126E6ACE600944986 /* ItemViewModel.swift */ = {isa = PBXFileReference; lastKnownFileType = sourcecode.swift; path = ItemViewModel.swift; sourceTree = "<group>"; };
		FAB0F48326E6AEBC00944986 /* AppViewModels.swift */ = {isa = PBXFileReference; lastKnownFileType = sourcecode.swift; path = AppViewModels.swift; sourceTree = "<group>"; };
/* End PBXFileReference section */

/* Begin PBXFrameworksBuildPhase section */
		FAB0F43726E6A19B00944986 /* Frameworks */ = {
			isa = PBXFrameworksBuildPhase;
			buildActionMask = 2147483647;
			files = (
			);
			runOnlyForDeploymentPostprocessing = 0;
		};
		FAB0F44D26E6A19D00944986 /* Frameworks */ = {
			isa = PBXFrameworksBuildPhase;
			buildActionMask = 2147483647;
			files = (
			);
			runOnlyForDeploymentPostprocessing = 0;
		};
		FAB0F45826E6A19D00944986 /* Frameworks */ = {
			isa = PBXFrameworksBuildPhase;
			buildActionMask = 2147483647;
			files = (
			);
			runOnlyForDeploymentPostprocessing = 0;
		};
/* End PBXFrameworksBuildPhase section */

/* Begin PBXGroup section */
		FAB0F43126E6A19B00944986 = {
			isa = PBXGroup;
			children = (
				FAB0F43C26E6A19B00944986 /* CoreDataMVVMSiwftUI */,
				FAB0F45326E6A19D00944986 /* CoreDataMVVMSiwftUITests */,
				FAB0F45E26E6A19D00944986 /* CoreDataMVVMSiwftUIUITests */,
				FAB0F43B26E6A19B00944986 /* Products */,
			);
			sourceTree = "<group>";
		};
		FAB0F43B26E6A19B00944986 /* Products */ = {
			isa = PBXGroup;
			children = (
				FAB0F43A26E6A19B00944986 /* CoreDataMVVMSiwftUI.app */,
				FAB0F45026E6A19D00944986 /* CoreDataMVVMSiwftUITests.xctest */,
				FAB0F45B26E6A19D00944986 /* CoreDataMVVMSiwftUIUITests.xctest */,
			);
			name = Products;
			sourceTree = "<group>";
		};
		FAB0F43C26E6A19B00944986 /* CoreDataMVVMSiwftUI */ = {
			isa = PBXGroup;
			children = (
				FAB0F47C26E6AB6C00944986 /* Helpers */,
				FAB0F47526E6A78900944986 /* Context */,
				FAB0F47026E6A27B00944986 /* App */,
				FAB0F46F26E6A26300944986 /* Screens */,
				FAB0F46D26E6A23F00944986 /* Data */,
				FAB0F44326E6A19C00944986 /* Preview Content */,
			);
			path = CoreDataMVVMSiwftUI;
			sourceTree = "<group>";
		};
		FAB0F44326E6A19C00944986 /* Preview Content */ = {
			isa = PBXGroup;
			children = (
				FAB0F44426E6A19C00944986 /* Preview Assets.xcassets */,
			);
			path = "Preview Content";
			sourceTree = "<group>";
		};
		FAB0F45326E6A19D00944986 /* CoreDataMVVMSiwftUITests */ = {
			isa = PBXGroup;
			children = (
				FAB0F45426E6A19D00944986 /* CoreDataMVVMSiwftUITests.swift */,
				FAB0F45626E6A19D00944986 /* Info.plist */,
			);
			path = CoreDataMVVMSiwftUITests;
			sourceTree = "<group>";
		};
		FAB0F45E26E6A19D00944986 /* CoreDataMVVMSiwftUIUITests */ = {
			isa = PBXGroup;
			children = (
				FAB0F45F26E6A19D00944986 /* CoreDataMVVMSiwftUIUITests.swift */,
				FAB0F46126E6A19D00944986 /* Info.plist */,
			);
			path = CoreDataMVVMSiwftUIUITests;
			sourceTree = "<group>";
		};
		FAB0F46D26E6A23F00944986 /* Data */ = {
			isa = PBXGroup;
			children = (
				FAB0F48026E6ACCC00944986 /* Item */,
				FAB0F46E26E6A25100944986 /* Core Data */,
				FAB0F48326E6AEBC00944986 /* AppViewModels.swift */,
			);
			path = Data;
			sourceTree = "<group>";
		};
		FAB0F46E26E6A25100944986 /* Core Data */ = {
			isa = PBXGroup;
			children = (
				FAB0F44626E6A19D00944986 /* Persistence.swift */,
				FAB0F44826E6A19D00944986 /* CoreDataMVVMSiwftUI.xcdatamodeld */,
			);
			path = "Core Data";
			sourceTree = "<group>";
		};
		FAB0F46F26E6A26300944986 /* Screens */ = {
			isa = PBXGroup;
			children = (
				FAB0F47F26E6ABF300944986 /* Item */,
			);
			path = Screens;
			sourceTree = "<group>";
		};
		FAB0F47026E6A27B00944986 /* App */ = {
			isa = PBXGroup;
			children = (
				FAB0F43F26E6A19B00944986 /* ContentView.swift */,
				FAB0F43D26E6A19B00944986 /* CoreDataMVVMSiwftUIApp.swift */,
				FAB0F44126E6A19C00944986 /* Assets.xcassets */,
				FAB0F44B26E6A19D00944986 /* Info.plist */,
			);
			path = App;
			sourceTree = "<group>";
		};
		FAB0F47526E6A78900944986 /* Context */ = {
			isa = PBXGroup;
			children = (
				FAB0F47626E6A7B300944986 /* AppContext.swift */,
				FAB0F47826E6A7C600944986 /* AppContextKeys.swift */,
				FAB0F47A26E6A7D500944986 /* AppContextValues.swift */,
			);
			path = Context;
			sourceTree = "<group>";
		};
		FAB0F47C26E6AB6C00944986 /* Helpers */ = {
			isa = PBXGroup;
			children = (
				FAB0F47D26E6AB7F00944986 /* DateFormatters.swift */,
			);
			path = Helpers;
			sourceTree = "<group>";
		};
		FAB0F47F26E6ABF300944986 /* Item */ = {
			isa = PBXGroup;
			children = (
				FAB0F47326E6A39600944986 /* ItemListView.swift */,
			);
			path = Item;
			sourceTree = "<group>";
		};
		FAB0F48026E6ACCC00944986 /* Item */ = {
			isa = PBXGroup;
			children = (
				FAB0F48126E6ACE600944986 /* ItemViewModel.swift */,
			);
			path = Item;
			sourceTree = "<group>";
		};
/* End PBXGroup section */

/* Begin PBXNativeTarget section */
		FAB0F43926E6A19B00944986 /* CoreDataMVVMSiwftUI */ = {
			isa = PBXNativeTarget;
			buildConfigurationList = FAB0F46426E6A19D00944986 /* Build configuration list for PBXNativeTarget "CoreDataMVVMSiwftUI" */;
			buildPhases = (
				FAB0F43626E6A19B00944986 /* Sources */,
				FAB0F43726E6A19B00944986 /* Frameworks */,
				FAB0F43826E6A19B00944986 /* Resources */,
			);
			buildRules = (
			);
			dependencies = (
			);
			name = CoreDataMVVMSiwftUI;
			productName = CoreDataMVVMSiwftUI;
			productReference = FAB0F43A26E6A19B00944986 /* CoreDataMVVMSiwftUI.app */;
			productType = "com.apple.product-type.application";
		};
		FAB0F44F26E6A19D00944986 /* CoreDataMVVMSiwftUITests */ = {
			isa = PBXNativeTarget;
			buildConfigurationList = FAB0F46726E6A19D00944986 /* Build configuration list for PBXNativeTarget "CoreDataMVVMSiwftUITests" */;
			buildPhases = (
				FAB0F44C26E6A19D00944986 /* Sources */,
				FAB0F44D26E6A19D00944986 /* Frameworks */,
				FAB0F44E26E6A19D00944986 /* Resources */,
			);
			buildRules = (
			);
			dependencies = (
				FAB0F45226E6A19D00944986 /* PBXTargetDependency */,
			);
			name = CoreDataMVVMSiwftUITests;
			productName = CoreDataMVVMSiwftUITests;
			productReference = FAB0F45026E6A19D00944986 /* CoreDataMVVMSiwftUITests.xctest */;
			productType = "com.apple.product-type.bundle.unit-test";
		};
		FAB0F45A26E6A19D00944986 /* CoreDataMVVMSiwftUIUITests */ = {
			isa = PBXNativeTarget;
			buildConfigurationList = FAB0F46A26E6A19D00944986 /* Build configuration list for PBXNativeTarget "CoreDataMVVMSiwftUIUITests" */;
			buildPhases = (
				FAB0F45726E6A19D00944986 /* Sources */,
				FAB0F45826E6A19D00944986 /* Frameworks */,
				FAB0F45926E6A19D00944986 /* Resources */,
			);
			buildRules = (
			);
			dependencies = (
				FAB0F45D26E6A19D00944986 /* PBXTargetDependency */,
			);
			name = CoreDataMVVMSiwftUIUITests;
			productName = CoreDataMVVMSiwftUIUITests;
			productReference = FAB0F45B26E6A19D00944986 /* CoreDataMVVMSiwftUIUITests.xctest */;
			productType = "com.apple.product-type.bundle.ui-testing";
		};
/* End PBXNativeTarget section */

/* Begin PBXProject section */
		FAB0F43226E6A19B00944986 /* Project object */ = {
			isa = PBXProject;
			attributes = {
				LastSwiftUpdateCheck = 1250;
				LastUpgradeCheck = 1250;
				TargetAttributes = {
					FAB0F43926E6A19B00944986 = {
						CreatedOnToolsVersion = 12.5.1;
					};
					FAB0F44F26E6A19D00944986 = {
						CreatedOnToolsVersion = 12.5.1;
						TestTargetID = FAB0F43926E6A19B00944986;
					};
					FAB0F45A26E6A19D00944986 = {
						CreatedOnToolsVersion = 12.5.1;
						TestTargetID = FAB0F43926E6A19B00944986;
					};
				};
			};
			buildConfigurationList = FAB0F43526E6A19B00944986 /* Build configuration list for PBXProject "CoreDataMVVMSiwftUI" */;
			compatibilityVersion = "Xcode 9.3";
			developmentRegion = en;
			hasScannedForEncodings = 0;
			knownRegions = (
				en,
				Base,
			);
			mainGroup = FAB0F43126E6A19B00944986;
			productRefGroup = FAB0F43B26E6A19B00944986 /* Products */;
			projectDirPath = "";
			projectRoot = "";
			targets = (
				FAB0F43926E6A19B00944986 /* CoreDataMVVMSiwftUI */,
				FAB0F44F26E6A19D00944986 /* CoreDataMVVMSiwftUITests */,
				FAB0F45A26E6A19D00944986 /* CoreDataMVVMSiwftUIUITests */,
			);
		};
/* End PBXProject section */

/* Begin PBXResourcesBuildPhase section */
		FAB0F43826E6A19B00944986 /* Resources */ = {
			isa = PBXResourcesBuildPhase;
			buildActionMask = 2147483647;
			files = (
				FAB0F44526E6A19C00944986 /* Preview Assets.xcassets in Resources */,
				FAB0F44226E6A19C00944986 /* Assets.xcassets in Resources */,
			);
			runOnlyForDeploymentPostprocessing = 0;
		};
		FAB0F44E26E6A19D00944986 /* Resources */ = {
			isa = PBXResourcesBuildPhase;
			buildActionMask = 2147483647;
			files = (
			);
			runOnlyForDeploymentPostprocessing = 0;
		};
		FAB0F45926E6A19D00944986 /* Resources */ = {
			isa = PBXResourcesBuildPhase;
			buildActionMask = 2147483647;
			files = (
			);
			runOnlyForDeploymentPostprocessing = 0;
		};
/* End PBXResourcesBuildPhase section */

/* Begin PBXSourcesBuildPhase section */
		FAB0F43626E6A19B00944986 /* Sources */ = {
			isa = PBXSourcesBuildPhase;
			buildActionMask = 2147483647;
			files = (
				FAB0F47426E6A39600944986 /* ItemListView.swift in Sources */,
				FAB0F47726E6A7B300944986 /* AppContext.swift in Sources */,
				FAB0F48426E6AEBC00944986 /* AppViewModels.swift in Sources */,
				FAB0F44A26E6A19D00944986 /* CoreDataMVVMSiwftUI.xcdatamodeld in Sources */,
				FAB0F48226E6ACE600944986 /* ItemViewModel.swift in Sources */,
				FAB0F47E26E6AB7F00944986 /* DateFormatters.swift in Sources */,
				FAB0F47926E6A7C600944986 /* AppContextKeys.swift in Sources */,
				FAB0F44726E6A19D00944986 /* Persistence.swift in Sources */,
				FAB0F44026E6A19B00944986 /* ContentView.swift in Sources */,
				FAB0F43E26E6A19B00944986 /* CoreDataMVVMSiwftUIApp.swift in Sources */,
				FAB0F47B26E6A7D500944986 /* AppContextValues.swift in Sources */,
			);
			runOnlyForDeploymentPostprocessing = 0;
		};
		FAB0F44C26E6A19D00944986 /* Sources */ = {
			isa = PBXSourcesBuildPhase;
			buildActionMask = 2147483647;
			files = (
				FAB0F45526E6A19D00944986 /* CoreDataMVVMSiwftUITests.swift in Sources */,
			);
			runOnlyForDeploymentPostprocessing = 0;
		};
		FAB0F45726E6A19D00944986 /* Sources */ = {
			isa = PBXSourcesBuildPhase;
			buildActionMask = 2147483647;
			files = (
				FAB0F46026E6A19D00944986 /* CoreDataMVVMSiwftUIUITests.swift in Sources */,
			);
			runOnlyForDeploymentPostprocessing = 0;
		};
/* End PBXSourcesBuildPhase section */

/* Begin PBXTargetDependency section */
		FAB0F45226E6A19D00944986 /* PBXTargetDependency */ = {
			isa = PBXTargetDependency;
			target = FAB0F43926E6A19B00944986 /* CoreDataMVVMSiwftUI */;
			targetProxy = FAB0F45126E6A19D00944986 /* PBXContainerItemProxy */;
		};
		FAB0F45D26E6A19D00944986 /* PBXTargetDependency */ = {
			isa = PBXTargetDependency;
			target = FAB0F43926E6A19B00944986 /* CoreDataMVVMSiwftUI */;
			targetProxy = FAB0F45C26E6A19D00944986 /* PBXContainerItemProxy */;
		};
/* End PBXTargetDependency section */

/* Begin XCBuildConfiguration section */
		FAB0F46226E6A19D00944986 /* Debug */ = {
			isa = XCBuildConfiguration;
			buildSettings = {
				ALWAYS_SEARCH_USER_PATHS = NO;
				CLANG_ANALYZER_NONNULL = YES;
				CLANG_ANALYZER_NUMBER_OBJECT_CONVERSION = YES_AGGRESSIVE;
				CLANG_CXX_LANGUAGE_STANDARD = "gnu++14";
				CLANG_CXX_LIBRARY = "libc++";
				CLANG_ENABLE_MODULES = YES;
				CLANG_ENABLE_OBJC_ARC = YES;
				CLANG_ENABLE_OBJC_WEAK = YES;
				CLANG_WARN_BLOCK_CAPTURE_AUTORELEASING = YES;
				CLANG_WARN_BOOL_CONVERSION = YES;
				CLANG_WARN_COMMA = YES;
				CLANG_WARN_CONSTANT_CONVERSION = YES;
				CLANG_WARN_DEPRECATED_OBJC_IMPLEMENTATIONS = YES;
				CLANG_WARN_DIRECT_OBJC_ISA_USAGE = YES_ERROR;
				CLANG_WARN_DOCUMENTATION_COMMENTS = YES;
				CLANG_WARN_EMPTY_BODY = YES;
				CLANG_WARN_ENUM_CONVERSION = YES;
				CLANG_WARN_INFINITE_RECURSION = YES;
				CLANG_WARN_INT_CONVERSION = YES;
				CLANG_WARN_NON_LITERAL_NULL_CONVERSION = YES;
				CLANG_WARN_OBJC_IMPLICIT_RETAIN_SELF = YES;
				CLANG_WARN_OBJC_LITERAL_CONVERSION = YES;
				CLANG_WARN_OBJC_ROOT_CLASS = YES_ERROR;
				CLANG_WARN_QUOTED_INCLUDE_IN_FRAMEWORK_HEADER = YES;
				CLANG_WARN_RANGE_LOOP_ANALYSIS = YES;
				CLANG_WARN_STRICT_PROTOTYPES = YES;
				CLANG_WARN_SUSPICIOUS_MOVE = YES;
				CLANG_WARN_UNGUARDED_AVAILABILITY = YES_AGGRESSIVE;
				CLANG_WARN_UNREACHABLE_CODE = YES;
				CLANG_WARN__DUPLICATE_METHOD_MATCH = YES;
				COPY_PHASE_STRIP = NO;
				DEBUG_INFORMATION_FORMAT = dwarf;
				ENABLE_STRICT_OBJC_MSGSEND = YES;
				ENABLE_TESTABILITY = YES;
				GCC_C_LANGUAGE_STANDARD = gnu11;
				GCC_DYNAMIC_NO_PIC = NO;
				GCC_NO_COMMON_BLOCKS = YES;
				GCC_OPTIMIZATION_LEVEL = 0;
				GCC_PREPROCESSOR_DEFINITIONS = (
					"DEBUG=1",
					"$(inherited)",
				);
				GCC_WARN_64_TO_32_BIT_CONVERSION = YES;
				GCC_WARN_ABOUT_RETURN_TYPE = YES_ERROR;
				GCC_WARN_UNDECLARED_SELECTOR = YES;
				GCC_WARN_UNINITIALIZED_AUTOS = YES_AGGRESSIVE;
				GCC_WARN_UNUSED_FUNCTION = YES;
				GCC_WARN_UNUSED_VARIABLE = YES;
				IPHONEOS_DEPLOYMENT_TARGET = 14.5;
				MTL_ENABLE_DEBUG_INFO = INCLUDE_SOURCE;
				MTL_FAST_MATH = YES;
				ONLY_ACTIVE_ARCH = YES;
				SDKROOT = iphoneos;
				SWIFT_ACTIVE_COMPILATION_CONDITIONS = DEBUG;
				SWIFT_OPTIMIZATION_LEVEL = "-Onone";
			};
			name = Debug;
		};
		FAB0F46326E6A19D00944986 /* Release */ = {
			isa = XCBuildConfiguration;
			buildSettings = {
				ALWAYS_SEARCH_USER_PATHS = NO;
				CLANG_ANALYZER_NONNULL = YES;
				CLANG_ANALYZER_NUMBER_OBJECT_CONVERSION = YES_AGGRESSIVE;
				CLANG_CXX_LANGUAGE_STANDARD = "gnu++14";
				CLANG_CXX_LIBRARY = "libc++";
				CLANG_ENABLE_MODULES = YES;
				CLANG_ENABLE_OBJC_ARC = YES;
				CLANG_ENABLE_OBJC_WEAK = YES;
				CLANG_WARN_BLOCK_CAPTURE_AUTORELEASING = YES;
				CLANG_WARN_BOOL_CONVERSION = YES;
				CLANG_WARN_COMMA = YES;
				CLANG_WARN_CONSTANT_CONVERSION = YES;
				CLANG_WARN_DEPRECATED_OBJC_IMPLEMENTATIONS = YES;
				CLANG_WARN_DIRECT_OBJC_ISA_USAGE = YES_ERROR;
				CLANG_WARN_DOCUMENTATION_COMMENTS = YES;
				CLANG_WARN_EMPTY_BODY = YES;
				CLANG_WARN_ENUM_CONVERSION = YES;
				CLANG_WARN_INFINITE_RECURSION = YES;
				CLANG_WARN_INT_CONVERSION = YES;
				CLANG_WARN_NON_LITERAL_NULL_CONVERSION = YES;
				CLANG_WARN_OBJC_IMPLICIT_RETAIN_SELF = YES;
				CLANG_WARN_OBJC_LITERAL_CONVERSION = YES;
				CLANG_WARN_OBJC_ROOT_CLASS = YES_ERROR;
				CLANG_WARN_QUOTED_INCLUDE_IN_FRAMEWORK_HEADER = YES;
				CLANG_WARN_RANGE_LOOP_ANALYSIS = YES;
				CLANG_WARN_STRICT_PROTOTYPES = YES;
				CLANG_WARN_SUSPICIOUS_MOVE = YES;
				CLANG_WARN_UNGUARDED_AVAILABILITY = YES_AGGRESSIVE;
				CLANG_WARN_UNREACHABLE_CODE = YES;
				CLANG_WARN__DUPLICATE_METHOD_MATCH = YES;
				COPY_PHASE_STRIP = NO;
				DEBUG_INFORMATION_FORMAT = "dwarf-with-dsym";
				ENABLE_NS_ASSERTIONS = NO;
				ENABLE_STRICT_OBJC_MSGSEND = YES;
				GCC_C_LANGUAGE_STANDARD = gnu11;
				GCC_NO_COMMON_BLOCKS = YES;
				GCC_WARN_64_TO_32_BIT_CONVERSION = YES;
				GCC_WARN_ABOUT_RETURN_TYPE = YES_ERROR;
				GCC_WARN_UNDECLARED_SELECTOR = YES;
				GCC_WARN_UNINITIALIZED_AUTOS = YES_AGGRESSIVE;
				GCC_WARN_UNUSED_FUNCTION = YES;
				GCC_WARN_UNUSED_VARIABLE = YES;
				IPHONEOS_DEPLOYMENT_TARGET = 14.5;
				MTL_ENABLE_DEBUG_INFO = NO;
				MTL_FAST_MATH = YES;
				SDKROOT = iphoneos;
				SWIFT_COMPILATION_MODE = wholemodule;
				SWIFT_OPTIMIZATION_LEVEL = "-O";
				VALIDATE_PRODUCT = YES;
			};
			name = Release;
		};
		FAB0F46526E6A19D00944986 /* Debug */ = {
			isa = XCBuildConfiguration;
			buildSettings = {
				ASSETCATALOG_COMPILER_APPICON_NAME = AppIcon;
				ASSETCATALOG_COMPILER_GLOBAL_ACCENT_COLOR_NAME = AccentColor;
				CODE_SIGN_STYLE = Automatic;
				DEVELOPMENT_ASSET_PATHS = "\"CoreDataMVVMSiwftUI/Preview Content\"";
				DEVELOPMENT_TEAM = 7N3FZGFXJT;
				ENABLE_PREVIEWS = YES;
				INFOPLIST_FILE = CoreDataMVVMSiwftUI/App/Info.plist;
				IPHONEOS_DEPLOYMENT_TARGET = 14.0;
				LD_RUNPATH_SEARCH_PATHS = (
					"$(inherited)",
					"@executable_path/Frameworks",
				);
				PRODUCT_BUNDLE_IDENTIFIER = com.myapp.CoreDataMVVMSiwftUI;
				PRODUCT_NAME = "$(TARGET_NAME)";
				SWIFT_VERSION = 5.0;
				TARGETED_DEVICE_FAMILY = "1,2";
			};
			name = Debug;
		};
		FAB0F46626E6A19D00944986 /* Release */ = {
			isa = XCBuildConfiguration;
			buildSettings = {
				ASSETCATALOG_COMPILER_APPICON_NAME = AppIcon;
				ASSETCATALOG_COMPILER_GLOBAL_ACCENT_COLOR_NAME = AccentColor;
				CODE_SIGN_STYLE = Automatic;
				DEVELOPMENT_ASSET_PATHS = "\"CoreDataMVVMSiwftUI/Preview Content\"";
				DEVELOPMENT_TEAM = 7N3FZGFXJT;
				ENABLE_PREVIEWS = YES;
				INFOPLIST_FILE = CoreDataMVVMSiwftUI/App/Info.plist;
				IPHONEOS_DEPLOYMENT_TARGET = 14.0;
				LD_RUNPATH_SEARCH_PATHS = (
					"$(inherited)",
					"@executable_path/Frameworks",
				);
				PRODUCT_BUNDLE_IDENTIFIER = com.myapp.CoreDataMVVMSiwftUI;
				PRODUCT_NAME = "$(TARGET_NAME)";
				SWIFT_VERSION = 5.0;
				TARGETED_DEVICE_FAMILY = "1,2";
			};
			name = Release;
		};
		FAB0F46826E6A19D00944986 /* Debug */ = {
			isa = XCBuildConfiguration;
			buildSettings = {
				ALWAYS_EMBED_SWIFT_STANDARD_LIBRARIES = YES;
				BUNDLE_LOADER = "$(TEST_HOST)";
				CODE_SIGN_STYLE = Automatic;
				DEVELOPMENT_TEAM = 7N3FZGFXJT;
				INFOPLIST_FILE = CoreDataMVVMSiwftUITests/Info.plist;
				IPHONEOS_DEPLOYMENT_TARGET = 14.0;
				LD_RUNPATH_SEARCH_PATHS = (
					"$(inherited)",
					"@executable_path/Frameworks",
					"@loader_path/Frameworks",
				);
				PRODUCT_BUNDLE_IDENTIFIER = com.myapp.CoreDataMVVMSiwftUITests;
				PRODUCT_NAME = "$(TARGET_NAME)";
				SWIFT_VERSION = 5.0;
				TARGETED_DEVICE_FAMILY = "1,2";
				TEST_HOST = "$(BUILT_PRODUCTS_DIR)/CoreDataMVVMSiwftUI.app/CoreDataMVVMSiwftUI";
			};
			name = Debug;
		};
		FAB0F46926E6A19D00944986 /* Release */ = {
			isa = XCBuildConfiguration;
			buildSettings = {
				ALWAYS_EMBED_SWIFT_STANDARD_LIBRARIES = YES;
				BUNDLE_LOADER = "$(TEST_HOST)";
				CODE_SIGN_STYLE = Automatic;
				DEVELOPMENT_TEAM = 7N3FZGFXJT;
				INFOPLIST_FILE = CoreDataMVVMSiwftUITests/Info.plist;
				IPHONEOS_DEPLOYMENT_TARGET = 14.0;
				LD_RUNPATH_SEARCH_PATHS = (
					"$(inherited)",
					"@executable_path/Frameworks",
					"@loader_path/Frameworks",
				);
				PRODUCT_BUNDLE_IDENTIFIER = com.myapp.CoreDataMVVMSiwftUITests;
				PRODUCT_NAME = "$(TARGET_NAME)";
				SWIFT_VERSION = 5.0;
				TARGETED_DEVICE_FAMILY = "1,2";
				TEST_HOST = "$(BUILT_PRODUCTS_DIR)/CoreDataMVVMSiwftUI.app/CoreDataMVVMSiwftUI";
			};
			name = Release;
		};
		FAB0F46B26E6A19D00944986 /* Debug */ = {
			isa = XCBuildConfiguration;
			buildSettings = {
				ALWAYS_EMBED_SWIFT_STANDARD_LIBRARIES = YES;
				CODE_SIGN_STYLE = Automatic;
				DEVELOPMENT_TEAM = 7N3FZGFXJT;
				INFOPLIST_FILE = CoreDataMVVMSiwftUIUITests/Info.plist;
				LD_RUNPATH_SEARCH_PATHS = (
					"$(inherited)",
					"@executable_path/Frameworks",
					"@loader_path/Frameworks",
				);
				PRODUCT_BUNDLE_IDENTIFIER = com.myapp.CoreDataMVVMSiwftUIUITests;
				PRODUCT_NAME = "$(TARGET_NAME)";
				SWIFT_VERSION = 5.0;
				TARGETED_DEVICE_FAMILY = "1,2";
				TEST_TARGET_NAME = CoreDataMVVMSiwftUI;
			};
			name = Debug;
		};
		FAB0F46C26E6A19D00944986 /* Release */ = {
			isa = XCBuildConfiguration;
			buildSettings = {
				ALWAYS_EMBED_SWIFT_STANDARD_LIBRARIES = YES;
				CODE_SIGN_STYLE = Automatic;
				DEVELOPMENT_TEAM = 7N3FZGFXJT;
				INFOPLIST_FILE = CoreDataMVVMSiwftUIUITests/Info.plist;
				LD_RUNPATH_SEARCH_PATHS = (
					"$(inherited)",
					"@executable_path/Frameworks",
					"@loader_path/Frameworks",
				);
				PRODUCT_BUNDLE_IDENTIFIER = com.myapp.CoreDataMVVMSiwftUIUITests;
				PRODUCT_NAME = "$(TARGET_NAME)";
				SWIFT_VERSION = 5.0;
				TARGETED_DEVICE_FAMILY = "1,2";
				TEST_TARGET_NAME = CoreDataMVVMSiwftUI;
			};
			name = Release;
		};
/* End XCBuildConfiguration section */

/* Begin XCConfigurationList section */
		FAB0F43526E6A19B00944986 /* Build configuration list for PBXProject "CoreDataMVVMSiwftUI" */ = {
			isa = XCConfigurationList;
			buildConfigurations = (
				FAB0F46226E6A19D00944986 /* Debug */,
				FAB0F46326E6A19D00944986 /* Release */,
			);
			defaultConfigurationIsVisible = 0;
			defaultConfigurationName = Release;
		};
		FAB0F46426E6A19D00944986 /* Build configuration list for PBXNativeTarget "CoreDataMVVMSiwftUI" */ = {
			isa = XCConfigurationList;
			buildConfigurations = (
				FAB0F46526E6A19D00944986 /* Debug */,
				FAB0F46626E6A19D00944986 /* Release */,
			);
			defaultConfigurationIsVisible = 0;
			defaultConfigurationName = Release;
		};
		FAB0F46726E6A19D00944986 /* Build configuration list for PBXNativeTarget "CoreDataMVVMSiwftUITests" */ = {
			isa = XCConfigurationList;
			buildConfigurations = (
				FAB0F46826E6A19D00944986 /* Debug */,
				FAB0F46926E6A19D00944986 /* Release */,
			);
			defaultConfigurationIsVisible = 0;
			defaultConfigurationName = Release;
		};
		FAB0F46A26E6A19D00944986 /* Build configuration list for PBXNativeTarget "CoreDataMVVMSiwftUIUITests" */ = {
			isa = XCConfigurationList;
			buildConfigurations = (
				FAB0F46B26E6A19D00944986 /* Debug */,
				FAB0F46C26E6A19D00944986 /* Release */,
			);
			defaultConfigurationIsVisible = 0;
			defaultConfigurationName = Release;
		};
/* End XCConfigurationList section */

/* Begin XCVersionGroup section */
		FAB0F44826E6A19D00944986 /* CoreDataMVVMSiwftUI.xcdatamodeld */ = {
			isa = XCVersionGroup;
			children = (
				FAB0F44926E6A19D00944986 /* CoreDataMVVMSiwftUI.xcdatamodel */,
			);
			currentVersion = FAB0F44926E6A19D00944986 /* CoreDataMVVMSiwftUI.xcdatamodel */;
			path = CoreDataMVVMSiwftUI.xcdatamodeld;
			sourceTree = "<group>";
			versionGroupType = wrapper.xcdatamodel;
		};
/* End XCVersionGroup section */
	};
	rootObject = FAB0F43226E6A19B00944986 /* Project object */;
}
